// !$*UTF8*$!
{
	archiveVersion = 1;
	classes = {
	};
	objectVersion = 48;
	objects = {

/* Begin PBXBuildFile section */
		22C3F08620736A5200F82C1F /* AppDelegate.swift in Sources */ = {isa = PBXBuildFile; fileRef = 22C3F08520736A5200F82C1F /* AppDelegate.swift */; };
		22C3F08820736A5200F82C1F /* ViewController.swift in Sources */ = {isa = PBXBuildFile; fileRef = 22C3F08720736A5200F82C1F /* ViewController.swift */; };
		22C3F08B20736A5200F82C1F /* Main.storyboard in Resources */ = {isa = PBXBuildFile; fileRef = 22C3F08920736A5200F82C1F /* Main.storyboard */; };
		22C3F08D20736A5500F82C1F /* Assets.xcassets in Resources */ = {isa = PBXBuildFile; fileRef = 22C3F08C20736A5500F82C1F /* Assets.xcassets */; };
		22C3F09020736A5500F82C1F /* LaunchScreen.storyboard in Resources */ = {isa = PBXBuildFile; fileRef = 22C3F08E20736A5500F82C1F /* LaunchScreen.storyboard */; };
		22C3F09B20736A5500F82C1F /* iOS_01_3Tests.swift in Sources */ = {isa = PBXBuildFile; fileRef = 22C3F09A20736A5500F82C1F /* iOS_01_3Tests.swift */; };
		22C3F0A620736A5500F82C1F /* iOS_01_3UITests.swift in Sources */ = {isa = PBXBuildFile; fileRef = 22C3F0A520736A5500F82C1F /* iOS_01_3UITests.swift */; };
/* End PBXBuildFile section */

/* Begin PBXContainerItemProxy section */
		22C3F09720736A5500F82C1F /* PBXContainerItemProxy */ = {
			isa = PBXContainerItemProxy;
			containerPortal = 22C3F07A20736A5200F82C1F /* Project object */;
			proxyType = 1;
			remoteGlobalIDString = 22C3F08120736A5200F82C1F;
			remoteInfo = iOS_01_3;
		};
		22C3F0A220736A5500F82C1F /* PBXContainerItemProxy */ = {
			isa = PBXContainerItemProxy;
			containerPortal = 22C3F07A20736A5200F82C1F /* Project object */;
			proxyType = 1;
			remoteGlobalIDString = 22C3F08120736A5200F82C1F;
			remoteInfo = iOS_01_3;
		};
/* End PBXContainerItemProxy section */

/* Begin PBXFileReference section */
		22C3F08220736A5200F82C1F /* iOS_01_3.app */ = {isa = PBXFileReference; explicitFileType = wrapper.application; includeInIndex = 0; path = iOS_01_3.app; sourceTree = BUILT_PRODUCTS_DIR; };
		22C3F08520736A5200F82C1F /* AppDelegate.swift */ = {isa = PBXFileReference; lastKnownFileType = sourcecode.swift; path = AppDelegate.swift; sourceTree = "<group>"; };
		22C3F08720736A5200F82C1F /* ViewController.swift */ = {isa = PBXFileReference; lastKnownFileType = sourcecode.swift; path = ViewController.swift; sourceTree = "<group>"; };
		22C3F08A20736A5200F82C1F /* Base */ = {isa = PBXFileReference; lastKnownFileType = file.storyboard; name = Base; path = Base.lproj/Main.storyboard; sourceTree = "<group>"; };
		22C3F08C20736A5500F82C1F /* Assets.xcassets */ = {isa = PBXFileReference; lastKnownFileType = folder.assetcatalog; path = Assets.xcassets; sourceTree = "<group>"; };
		22C3F08F20736A5500F82C1F /* Base */ = {isa = PBXFileReference; lastKnownFileType = file.storyboard; name = Base; path = Base.lproj/LaunchScreen.storyboard; sourceTree = "<group>"; };
		22C3F09120736A5500F82C1F /* Info.plist */ = {isa = PBXFileReference; lastKnownFileType = text.plist.xml; path = Info.plist; sourceTree = "<group>"; };
		22C3F09620736A5500F82C1F /* iOS_01_3Tests.xctest */ = {isa = PBXFileReference; explicitFileType = wrapper.cfbundle; includeInIndex = 0; path = iOS_01_3Tests.xctest; sourceTree = BUILT_PRODUCTS_DIR; };
		22C3F09A20736A5500F82C1F /* iOS_01_3Tests.swift */ = {isa = PBXFileReference; lastKnownFileType = sourcecode.swift; path = iOS_01_3Tests.swift; sourceTree = "<group>"; };
		22C3F09C20736A5500F82C1F /* Info.plist */ = {isa = PBXFileReference; lastKnownFileType = text.plist.xml; path = Info.plist; sourceTree = "<group>"; };
		22C3F0A120736A5500F82C1F /* iOS_01_3UITests.xctest */ = {isa = PBXFileReference; explicitFileType = wrapper.cfbundle; includeInIndex = 0; path = iOS_01_3UITests.xctest; sourceTree = BUILT_PRODUCTS_DIR; };
		22C3F0A520736A5500F82C1F /* iOS_01_3UITests.swift */ = {isa = PBXFileReference; lastKnownFileType = sourcecode.swift; path = iOS_01_3UITests.swift; sourceTree = "<group>"; };
		22C3F0A720736A5500F82C1F /* Info.plist */ = {isa = PBXFileReference; lastKnownFileType = text.plist.xml; path = Info.plist; sourceTree = "<group>"; };
/* End PBXFileReference section */

/* Begin PBXFrameworksBuildPhase section */
		22C3F07F20736A5200F82C1F /* Frameworks */ = {
			isa = PBXFrameworksBuildPhase;
			buildActionMask = 2147483647;
			files = (
			);
			runOnlyForDeploymentPostprocessing = 0;
		};
		22C3F09320736A5500F82C1F /* Frameworks */ = {
			isa = PBXFrameworksBuildPhase;
			buildActionMask = 2147483647;
			files = (
			);
			runOnlyForDeploymentPostprocessing = 0;
		};
		22C3F09E20736A5500F82C1F /* Frameworks */ = {
			isa = PBXFrameworksBuildPhase;
			buildActionMask = 2147483647;
			files = (
			);
			runOnlyForDeploymentPostprocessing = 0;
		};
/* End PBXFrameworksBuildPhase section */

/* Begin PBXGroup section */
		22C3F07920736A5200F82C1F = {
			isa = PBXGroup;
			children = (
				22C3F08420736A5200F82C1F /* iOS_01_3 */,
				22C3F09920736A5500F82C1F /* iOS_01_3Tests */,
				22C3F0A420736A5500F82C1F /* iOS_01_3UITests */,
				22C3F08320736A5200F82C1F /* Products */,
			);
			sourceTree = "<group>";
		};
		22C3F08320736A5200F82C1F /* Products */ = {
			isa = PBXGroup;
			children = (
				22C3F08220736A5200F82C1F /* iOS_01_3.app */,
				22C3F09620736A5500F82C1F /* iOS_01_3Tests.xctest */,
				22C3F0A120736A5500F82C1F /* iOS_01_3UITests.xctest */,
			);
			name = Products;
			sourceTree = "<group>";
		};
		22C3F08420736A5200F82C1F /* iOS_01_3 */ = {
			isa = PBXGroup;
			children = (
				22C3F08520736A5200F82C1F /* AppDelegate.swift */,
				22C3F08720736A5200F82C1F /* ViewController.swift */,
				22C3F08920736A5200F82C1F /* Main.storyboard */,
				22C3F08C20736A5500F82C1F /* Assets.xcassets */,
				22C3F08E20736A5500F82C1F /* LaunchScreen.storyboard */,
				22C3F09120736A5500F82C1F /* Info.plist */,
			);
			path = iOS_01_3;
			sourceTree = "<group>";
		};
		22C3F09920736A5500F82C1F /* iOS_01_3Tests */ = {
			isa = PBXGroup;
			children = (
				22C3F09A20736A5500F82C1F /* iOS_01_3Tests.swift */,
				22C3F09C20736A5500F82C1F /* Info.plist */,
			);
			path = iOS_01_3Tests;
			sourceTree = "<group>";
		};
		22C3F0A420736A5500F82C1F /* iOS_01_3UITests */ = {
			isa = PBXGroup;
			children = (
				22C3F0A520736A5500F82C1F /* iOS_01_3UITests.swift */,
				22C3F0A720736A5500F82C1F /* Info.plist */,
			);
			path = iOS_01_3UITests;
			sourceTree = "<group>";
		};
/* End PBXGroup section */

/* Begin PBXNativeTarget section */
		22C3F08120736A5200F82C1F /* iOS_01_3 */ = {
			isa = PBXNativeTarget;
			buildConfigurationList = 22C3F0AA20736A5500F82C1F /* Build configuration list for PBXNativeTarget "iOS_01_3" */;
			buildPhases = (
				22C3F07E20736A5200F82C1F /* Sources */,
				22C3F07F20736A5200F82C1F /* Frameworks */,
				22C3F08020736A5200F82C1F /* Resources */,
			);
			buildRules = (
			);
			dependencies = (
			);
			name = iOS_01_3;
			productName = iOS_01_3;
			productReference = 22C3F08220736A5200F82C1F /* iOS_01_3.app */;
			productType = "com.apple.product-type.application";
		};
		22C3F09520736A5500F82C1F /* iOS_01_3Tests */ = {
			isa = PBXNativeTarget;
			buildConfigurationList = 22C3F0AD20736A5500F82C1F /* Build configuration list for PBXNativeTarget "iOS_01_3Tests" */;
			buildPhases = (
				22C3F09220736A5500F82C1F /* Sources */,
				22C3F09320736A5500F82C1F /* Frameworks */,
				22C3F09420736A5500F82C1F /* Resources */,
			);
			buildRules = (
			);
			dependencies = (
				22C3F09820736A5500F82C1F /* PBXTargetDependency */,
			);
			name = iOS_01_3Tests;
			productName = iOS_01_3Tests;
			productReference = 22C3F09620736A5500F82C1F /* iOS_01_3Tests.xctest */;
			productType = "com.apple.product-type.bundle.unit-test";
		};
		22C3F0A020736A5500F82C1F /* iOS_01_3UITests */ = {
			isa = PBXNativeTarget;
			buildConfigurationList = 22C3F0B020736A5500F82C1F /* Build configuration list for PBXNativeTarget "iOS_01_3UITests" */;
			buildPhases = (
				22C3F09D20736A5500F82C1F /* Sources */,
				22C3F09E20736A5500F82C1F /* Frameworks */,
				22C3F09F20736A5500F82C1F /* Resources */,
			);
			buildRules = (
			);
			dependencies = (
				22C3F0A320736A5500F82C1F /* PBXTargetDependency */,
			);
			name = iOS_01_3UITests;
			productName = iOS_01_3UITests;
			productReference = 22C3F0A120736A5500F82C1F /* iOS_01_3UITests.xctest */;
			productType = "com.apple.product-type.bundle.ui-testing";
		};
/* End PBXNativeTarget section */

/* Begin PBXProject section */
		22C3F07A20736A5200F82C1F /* Project object */ = {
			isa = PBXProject;
			attributes = {
				LastSwiftUpdateCheck = 0930;
				LastUpgradeCheck = 0930;
				ORGANIZATIONNAME = yeen;
				TargetAttributes = {
					22C3F08120736A5200F82C1F = {
						CreatedOnToolsVersion = 9.3;
						ProvisioningStyle = Automatic;
					};
					22C3F09520736A5500F82C1F = {
						CreatedOnToolsVersion = 9.3;
						ProvisioningStyle = Automatic;
						TestTargetID = 22C3F08120736A5200F82C1F;
					};
					22C3F0A020736A5500F82C1F = {
						CreatedOnToolsVersion = 9.3;
						ProvisioningStyle = Automatic;
						TestTargetID = 22C3F08120736A5200F82C1F;
					};
				};
			};
			buildConfigurationList = 22C3F07D20736A5200F82C1F /* Build configuration list for PBXProject "iOS_01_3" */;
			compatibilityVersion = "Xcode 8.0";
			developmentRegion = en;
			hasScannedForEncodings = 0;
			knownRegions = (
				en,
				Base,
			);
			mainGroup = 22C3F07920736A5200F82C1F;
			productRefGroup = 22C3F08320736A5200F82C1F /* Products */;
			projectDirPath = "";
			projectRoot = "";
			targets = (
				22C3F08120736A5200F82C1F /* iOS_01_3 */,
				22C3F09520736A5500F82C1F /* iOS_01_3Tests */,
				22C3F0A020736A5500F82C1F /* iOS_01_3UITests */,
			);
		};
/* End PBXProject section */

/* Begin PBXResourcesBuildPhase section */
		22C3F08020736A5200F82C1F /* Resources */ = {
			isa = PBXResourcesBuildPhase;
			buildActionMask = 2147483647;
			files = (
				22C3F09020736A5500F82C1F /* LaunchScreen.storyboard in Resources */,
				22C3F08D20736A5500F82C1F /* Assets.xcassets in Resources */,
				22C3F08B20736A5200F82C1F /* Main.storyboard in Resources */,
			);
			runOnlyForDeploymentPostprocessing = 0;
		};
		22C3F09420736A5500F82C1F /* Resources */ = {
			isa = PBXResourcesBuildPhase;
			buildActionMask = 2147483647;
			files = (
			);
			runOnlyForDeploymentPostprocessing = 0;
		};
		22C3F09F20736A5500F82C1F /* Resources */ = {
			isa = PBXResourcesBuildPhase;
			buildActionMask = 2147483647;
			files = (
			);
			runOnlyForDeploymentPostprocessing = 0;
		};
/* End PBXResourcesBuildPhase section */

/* Begin PBXSourcesBuildPhase section */
		22C3F07E20736A5200F82C1F /* Sources */ = {
			isa = PBXSourcesBuildPhase;
			buildActionMask = 2147483647;
			files = (
				22C3F08820736A5200F82C1F /* ViewController.swift in Sources */,
				22C3F08620736A5200F82C1F /* AppDelegate.swift in Sources */,
			);
			runOnlyForDeploymentPostprocessing = 0;
		};
		22C3F09220736A5500F82C1F /* Sources */ = {
			isa = PBXSourcesBuildPhase;
			buildActionMask = 2147483647;
			files = (
				22C3F09B20736A5500F82C1F /* iOS_01_3Tests.swift in Sources */,
			);
			runOnlyForDeploymentPostprocessing = 0;
		};
		22C3F09D20736A5500F82C1F /* Sources */ = {
			isa = PBXSourcesBuildPhase;
			buildActionMask = 2147483647;
			files = (
				22C3F0A620736A5500F82C1F /* iOS_01_3UITests.swift in Sources */,
			);
			runOnlyForDeploymentPostprocessing = 0;
		};
/* End PBXSourcesBuildPhase section */

/* Begin PBXTargetDependency section */
		22C3F09820736A5500F82C1F /* PBXTargetDependency */ = {
			isa = PBXTargetDependency;
			target = 22C3F08120736A5200F82C1F /* iOS_01_3 */;
			targetProxy = 22C3F09720736A5500F82C1F /* PBXContainerItemProxy */;
		};
		22C3F0A320736A5500F82C1F /* PBXTargetDependency */ = {
			isa = PBXTargetDependency;
			target = 22C3F08120736A5200F82C1F /* iOS_01_3 */;
			targetProxy = 22C3F0A220736A5500F82C1F /* PBXContainerItemProxy */;
		};
/* End PBXTargetDependency section */

/* Begin PBXVariantGroup section */
		22C3F08920736A5200F82C1F /* Main.storyboard */ = {
			isa = PBXVariantGroup;
			children = (
				22C3F08A20736A5200F82C1F /* Base */,
			);
			name = Main.storyboard;
			sourceTree = "<group>";
		};
		22C3F08E20736A5500F82C1F /* LaunchScreen.storyboard */ = {
			isa = PBXVariantGroup;
			children = (
				22C3F08F20736A5500F82C1F /* Base */,
			);
			name = LaunchScreen.storyboard;
			sourceTree = "<group>";
		};
/* End PBXVariantGroup section */

/* Begin XCBuildConfiguration section */
		22C3F0A820736A5500F82C1F /* Debug */ = {
			isa = XCBuildConfiguration;
			buildSettings = {
				ALWAYS_SEARCH_USER_PATHS = NO;
				CLANG_ANALYZER_NONNULL = YES;
				CLANG_ANALYZER_NUMBER_OBJECT_CONVERSION = YES_AGGRESSIVE;
				CLANG_CXX_LANGUAGE_STANDARD = "gnu++14";
				CLANG_CXX_LIBRARY = "libc++";
				CLANG_ENABLE_MODULES = YES;
				CLANG_ENABLE_OBJC_ARC = YES;
				CLANG_ENABLE_OBJC_WEAK = YES;
				CLANG_WARN_BLOCK_CAPTURE_AUTORELEASING = YES;
				CLANG_WARN_BOOL_CONVERSION = YES;
				CLANG_WARN_COMMA = YES;
				CLANG_WARN_CONSTANT_CONVERSION = YES;
				CLANG_WARN_DEPRECATED_OBJC_IMPLEMENTATIONS = YES;
				CLANG_WARN_DIRECT_OBJC_ISA_USAGE = YES_ERROR;
				CLANG_WARN_DOCUMENTATION_COMMENTS = YES;
				CLANG_WARN_EMPTY_BODY = YES;
				CLANG_WARN_ENUM_CONVERSION = YES;
				CLANG_WARN_INFINITE_RECURSION = YES;
				CLANG_WARN_INT_CONVERSION = YES;
				CLANG_WARN_NON_LITERAL_NULL_CONVERSION = YES;
				CLANG_WARN_OBJC_IMPLICIT_RETAIN_SELF = YES;
				CLANG_WARN_OBJC_LITERAL_CONVERSION = YES;
				CLANG_WARN_OBJC_ROOT_CLASS = YES_ERROR;
				CLANG_WARN_RANGE_LOOP_ANALYSIS = YES;
				CLANG_WARN_STRICT_PROTOTYPES = YES;
				CLANG_WARN_SUSPICIOUS_MOVE = YES;
				CLANG_WARN_UNGUARDED_AVAILABILITY = YES_AGGRESSIVE;
				CLANG_WARN_UNREACHABLE_CODE = YES;
				CLANG_WARN__DUPLICATE_METHOD_MATCH = YES;
				CODE_SIGN_IDENTITY = "iPhone Developer";
				COPY_PHASE_STRIP = NO;
				DEBUG_INFORMATION_FORMAT = dwarf;
				ENABLE_STRICT_OBJC_MSGSEND = YES;
				ENABLE_TESTABILITY = YES;
				GCC_C_LANGUAGE_STANDARD = gnu11;
				GCC_DYNAMIC_NO_PIC = NO;
				GCC_NO_COMMON_BLOCKS = YES;
				GCC_OPTIMIZATION_LEVEL = 0;
				GCC_PREPROCESSOR_DEFINITIONS = (
					"DEBUG=1",
					"$(inherited)",
				);
				GCC_WARN_64_TO_32_BIT_CONVERSION = YES;
				GCC_WARN_ABOUT_RETURN_TYPE = YES_ERROR;
				GCC_WARN_UNDECLARED_SELECTOR = YES;
				GCC_WARN_UNINITIALIZED_AUTOS = YES_AGGRESSIVE;
				GCC_WARN_UNUSED_FUNCTION = YES;
				GCC_WARN_UNUSED_VARIABLE = YES;
				IPHONEOS_DEPLOYMENT_TARGET = 11.3;
				MTL_ENABLE_DEBUG_INFO = YES;
				ONLY_ACTIVE_ARCH = YES;
				SDKROOT = iphoneos;
				SWIFT_ACTIVE_COMPILATION_CONDITIONS = DEBUG;
				SWIFT_OPTIMIZATION_LEVEL = "-Onone";
			};
			name = Debug;
		};
		22C3F0A920736A5500F82C1F /* Release */ = {
			isa = XCBuildConfiguration;
			buildSettings = {
				ALWAYS_SEARCH_USER_PATHS = NO;
				CLANG_ANALYZER_NONNULL = YES;
				CLANG_ANALYZER_NUMBER_OBJECT_CONVERSION = YES_AGGRESSIVE;
				CLANG_CXX_LANGUAGE_STANDARD = "gnu++14";
				CLANG_CXX_LIBRARY = "libc++";
				CLANG_ENABLE_MODULES = YES;
				CLANG_ENABLE_OBJC_ARC = YES;
				CLANG_ENABLE_OBJC_WEAK = YES;
				CLANG_WARN_BLOCK_CAPTURE_AUTORELEASING = YES;
				CLANG_WARN_BOOL_CONVERSION = YES;
				CLANG_WARN_COMMA = YES;
				CLANG_WARN_CONSTANT_CONVERSION = YES;
				CLANG_WARN_DEPRECATED_OBJC_IMPLEMENTATIONS = YES;
				CLANG_WARN_DIRECT_OBJC_ISA_USAGE = YES_ERROR;
				CLANG_WARN_DOCUMENTATION_COMMENTS = YES;
				CLANG_WARN_EMPTY_BODY = YES;
				CLANG_WARN_ENUM_CONVERSION = YES;
				CLANG_WARN_INFINITE_RECURSION = YES;
				CLANG_WARN_INT_CONVERSION = YES;
				CLANG_WARN_NON_LITERAL_NULL_CONVERSION = YES;
				CLANG_WARN_OBJC_IMPLICIT_RETAIN_SELF = YES;
				CLANG_WARN_OBJC_LITERAL_CONVERSION = YES;
				CLANG_WARN_OBJC_ROOT_CLASS = YES_ERROR;
				CLANG_WARN_RANGE_LOOP_ANALYSIS = YES;
				CLANG_WARN_STRICT_PROTOTYPES = YES;
				CLANG_WARN_SUSPICIOUS_MOVE = YES;
				CLANG_WARN_UNGUARDED_AVAILABILITY = YES_AGGRESSIVE;
				CLANG_WARN_UNREACHABLE_CODE = YES;
				CLANG_WARN__DUPLICATE_METHOD_MATCH = YES;
				CODE_SIGN_IDENTITY = "iPhone Developer";
				COPY_PHASE_STRIP = NO;
				DEBUG_INFORMATION_FORMAT = "dwarf-with-dsym";
				ENABLE_NS_ASSERTIONS = NO;
				ENABLE_STRICT_OBJC_MSGSEND = YES;
				GCC_C_LANGUAGE_STANDARD = gnu11;
				GCC_NO_COMMON_BLOCKS = YES;
				GCC_WARN_64_TO_32_BIT_CONVERSION = YES;
				GCC_WARN_ABOUT_RETURN_TYPE = YES_ERROR;
				GCC_WARN_UNDECLARED_SELECTOR = YES;
				GCC_WARN_UNINITIALIZED_AUTOS = YES_AGGRESSIVE;
				GCC_WARN_UNUSED_FUNCTION = YES;
				GCC_WARN_UNUSED_VARIABLE = YES;
				IPHONEOS_DEPLOYMENT_TARGET = 11.3;
				MTL_ENABLE_DEBUG_INFO = NO;
				SDKROOT = iphoneos;
				SWIFT_OPTIMIZATION_LEVEL = "-Owholemodule";
				VALIDATE_PRODUCT = YES;
			};
			name = Release;
		};
		22C3F0AB20736A5500F82C1F /* Debug */ = {
			isa = XCBuildConfiguration;
			buildSettings = {
				ASSETCATALOG_COMPILER_APPICON_NAME = AppIcon;
				CODE_SIGN_STYLE = Automatic;
				DEVELOPMENT_TEAM = S3H456VQ6Y;
				INFOPLIST_FILE = iOS_01_3/Info.plist;
				LD_RUNPATH_SEARCH_PATHS = "$(inherited) @executable_path/Frameworks";
				PRODUCT_BUNDLE_IDENTIFIER = "com.sopt.yeen.iOS-01-3";
				PRODUCT_NAME = "$(TARGET_NAME)";
				SWIFT_VERSION = 4.0;
				TARGETED_DEVICE_FAMILY = "1,2";
			};
			name = Debug;
		};
		22C3F0AC20736A5500F82C1F /* Release */ = {
			isa = XCBuildConfiguration;
			buildSettings = {
				ASSETCATALOG_COMPILER_APPICON_NAME = AppIcon;
				CODE_SIGN_STYLE = Automatic;
				DEVELOPMENT_TEAM = S3H456VQ6Y;
				INFOPLIST_FILE = iOS_01_3/Info.plist;
				LD_RUNPATH_SEARCH_PATHS = "$(inherited) @executable_path/Frameworks";
				PRODUCT_BUNDLE_IDENTIFIER = "com.sopt.yeen.iOS-01-3";
				PRODUCT_NAME = "$(TARGET_NAME)";
				SWIFT_VERSION = 4.0;
				TARGETED_DEVICE_FAMILY = "1,2";
			};
			name = Release;
		};
		22C3F0AE20736A5500F82C1F /* Debug */ = {
			isa = XCBuildConfiguration;
			buildSettings = {
				ALWAYS_EMBED_SWIFT_STANDARD_LIBRARIES = YES;
				BUNDLE_LOADER = "$(TEST_HOST)";
				CODE_SIGN_STYLE = Automatic;
				INFOPLIST_FILE = iOS_01_3Tests/Info.plist;
				LD_RUNPATH_SEARCH_PATHS = "$(inherited) @executable_path/Frameworks @loader_path/Frameworks";
				PRODUCT_BUNDLE_IDENTIFIER = "com.sopt.yeen.iOS-01-3Tests";
				PRODUCT_NAME = "$(TARGET_NAME)";
				SWIFT_VERSION = 4.0;
				TARGETED_DEVICE_FAMILY = "1,2";
				TEST_HOST = "$(BUILT_PRODUCTS_DIR)/iOS_01_3.app/iOS_01_3";
			};
			name = Debug;
		};
		22C3F0AF20736A5500F82C1F /* Release */ = {
			isa = XCBuildConfiguration;
			buildSettings = {
				ALWAYS_EMBED_SWIFT_STANDARD_LIBRARIES = YES;
				BUNDLE_LOADER = "$(TEST_HOST)";
				CODE_SIGN_STYLE = Automatic;
				INFOPLIST_FILE = iOS_01_3Tests/Info.plist;
				LD_RUNPATH_SEARCH_PATHS = "$(inherited) @executable_path/Frameworks @loader_path/Frameworks";
				PRODUCT_BUNDLE_IDENTIFIER = "com.sopt.yeen.iOS-01-3Tests";
				PRODUCT_NAME = "$(TARGET_NAME)";
				SWIFT_VERSION = 4.0;
				TARGETED_DEVICE_FAMILY = "1,2";
				TEST_HOST = "$(BUILT_PRODUCTS_DIR)/iOS_01_3.app/iOS_01_3";
			};
			name = Release;
		};
		22C3F0B120736A5500F82C1F /* Debug */ = {
			isa = XCBuildConfiguration;
			buildSettings = {
				ALWAYS_EMBED_SWIFT_STANDARD_LIBRARIES = YES;
				CODE_SIGN_STYLE = Automatic;
				INFOPLIST_FILE = iOS_01_3UITests/Info.plist;
				LD_RUNPATH_SEARCH_PATHS = "$(inherited) @executable_path/Frameworks @loader_path/Frameworks";
				PRODUCT_BUNDLE_IDENTIFIER = "com.sopt.yeen.iOS-01-3UITests";
				PRODUCT_NAME = "$(TARGET_NAME)";
				SWIFT_VERSION = 4.0;
				TARGETED_DEVICE_FAMILY = "1,2";
				TEST_TARGET_NAME = iOS_01_3;
			};
			name = Debug;
		};
		22C3F0B220736A5500F82C1F /* Release */ = {
			isa = XCBuildConfiguration;
			buildSettings = {
				ALWAYS_EMBED_SWIFT_STANDARD_LIBRARIES = YES;
				CODE_SIGN_STYLE = Automatic;
				INFOPLIST_FILE = iOS_01_3UITests/Info.plist;
				LD_RUNPATH_SEARCH_PATHS = "$(inherited) @executable_path/Frameworks @loader_path/Frameworks";
				PRODUCT_BUNDLE_IDENTIFIER = "com.sopt.yeen.iOS-01-3UITests";
				PRODUCT_NAME = "$(TARGET_NAME)";
				SWIFT_VERSION = 4.0;
				TARGETED_DEVICE_FAMILY = "1,2";
				TEST_TARGET_NAME = iOS_01_3;
			};
			name = Release;
		};
/* End XCBuildConfiguration section */

/* Begin XCConfigurationList section */
		22C3F07D20736A5200F82C1F /* Build configuration list for PBXProject "iOS_01_3" */ = {
			isa = XCConfigurationList;
			buildConfigurations = (
				22C3F0A820736A5500F82C1F /* Debug */,
				22C3F0A920736A5500F82C1F /* Release */,
			);
			defaultConfigurationIsVisible = 0;
			defaultConfigurationName = Release;
		};
		22C3F0AA20736A5500F82C1F /* Build configuration list for PBXNativeTarget "iOS_01_3" */ = {
			isa = XCConfigurationList;
			buildConfigurations = (
				22C3F0AB20736A5500F82C1F /* Debug */,
				22C3F0AC20736A5500F82C1F /* Release */,
			);
			defaultConfigurationIsVisible = 0;
			defaultConfigurationName = Release;
		};
		22C3F0AD20736A5500F82C1F /* Build configuration list for PBXNativeTarget "iOS_01_3Tests" */ = {
			isa = XCConfigurationList;
			buildConfigurations = (
				22C3F0AE20736A5500F82C1F /* Debug */,
				22C3F0AF20736A5500F82C1F /* Release */,
			);
			defaultConfigurationIsVisible = 0;
			defaultConfigurationName = Release;
		};
		22C3F0B020736A5500F82C1F /* Build configuration list for PBXNativeTarget "iOS_01_3UITests" */ = {
			isa = XCConfigurationList;
			buildConfigurations = (
				22C3F0B120736A5500F82C1F /* Debug */,
				22C3F0B220736A5500F82C1F /* Release */,
			);
			defaultConfigurationIsVisible = 0;
			defaultConfigurationName = Release;
		};
/* End XCConfigurationList section */
	};
	rootObject = 22C3F07A20736A5200F82C1F /* Project object */;
}
